
Microsoft Visual Studio Solution File, Format Version 12.00
# Visual Studio 15
VisualStudioVersion = 15.0.26730.3
MinimumVisualStudioVersion = 10.0.40219.1
Project("{FAE04EC0-301F-11D3-BF4B-00C04F79EFBC}") = "HydroDemo", "HydroDemo\HydroDemo.csproj", "{88F15166-C1F6-435F-B6D5-1227131CC810}"
EndProject
Global
	GlobalSection(SolutionConfigurationPlatforms) = preSolution
		Debug|Any CPU = Debug|Any CPU
		Release|Any CPU = Release|Any CPU
	EndGlobalSection
	GlobalSection(ProjectConfigurationPlatforms) = postSolution
		{88F15166-C1F6-435F-B6D5-1227131CC810}.Debug|Any CPU.ActiveCfg = Debug|Any CPU
		{88F15166-C1F6-435F-B6D5-1227131CC810}.Debug|Any CPU.Build.0 = Debug|Any CPU
		{88F15166-C1F6-435F-B6D5-1227131CC810}.Release|Any CPU.ActiveCfg = Release|Any CPU
		{88F15166-C1F6-435F-B6D5-1227131CC810}.Release|Any CPU.Build.0 = Release|Any CPU
	EndGlobalSection
	GlobalSection(SolutionProperties) = preSolution
		HideSolutionNode = FALSE
	EndGlobalSection
	GlobalSection(ExtensibilityGlobals) = postSolution
		SolutionGuid = {B348C818-5067-4377-A5A2-03CC12E2FD7A}
	EndGlobalSection
EndGlobal
